
Microsoft Visual Studio Solution File, Format Version 12.00
# Visual Studio Version 16
VisualStudioVersion = 16.0.30517.126
MinimumVisualStudioVersion = 10.0.40219.1
Project("{9A19103F-16F7-4668-BE54-9A1E7A4F7556}") = "SUS.HTTP", "SUS.HTTP\SUS.HTTP.csproj", "{6EF664E1-15BC-4E31-9B31-68C3DC139D1B}"
EndProject
Project("{9A19103F-16F7-4668-BE54-9A1E7A4F7556}") = "SUS.MvcFramework", "SUS.MvcFramework\SUS.MvcFramework.csproj", "{A21101D2-3BD3-4B6A-A854-7D5176A43C44}"
EndProject
Project("{2150E333-8FDC-42A3-9474-1A3956D46DE8}") = "Apps", "Apps", "{D058481A-B479-499D-ADB8-9108A526A334}"
EndProject
Project("{9A19103F-16F7-4668-BE54-9A1E7A4F7556}") = "SUS.MvcFramework.Tests", "SUS.MvcFramework.Tests\SUS.MvcFramework.Tests.csproj", "{618B3213-02EA-4E28-B5D1-9F7BC2EDCFDB}"
EndProject
Project("{9A19103F-16F7-4668-BE54-9A1E7A4F7556}") = "BattleCards", "..\BattleCards\BattleCards\BattleCards.csproj", "{1E6B2037-D414-443D-A969-1C30DFD4F0BF}"
EndProject
Project("{9A19103F-16F7-4668-BE54-9A1E7A4F7556}") = "Git", "..\Git\Git\Git.csproj", "{61794515-B9A9-41A5-B20A-91F4E7EBF9E0}"
EndProject
Project("{9A19103F-16F7-4668-BE54-9A1E7A4F7556}") = "Suls", "..\SULS\Suls\Suls.csproj", "{CC6A864A-5A89-48A3-8FE5-51C8BFB0CAF4}"
EndProject
Project("{9A19103F-16F7-4668-BE54-9A1E7A4F7556}") = "Panda", "..\Panda\Panda\Panda.csproj", "{C4A40D10-3FFA-45A4-B6A6-249F8F9A0F47}"
EndProject
Project("{9A19103F-16F7-4668-BE54-9A1E7A4F7556}") = "IRunes", "..\IRunes\IRunes\IRunes.csproj", "{17080E5E-4359-42D3-8A1F-D6399965F56D}"
EndProject
Project("{9A19103F-16F7-4668-BE54-9A1E7A4F7556}") = "Andreys", "..\Andreys\Andreys\Andreys.csproj", "{9B817B8D-651F-420D-AD26-E924C6F108CD}"
EndProject
Project("{9A19103F-16F7-4668-BE54-9A1E7A4F7556}") = "SharedTrip", "..\SharedTrip\SharedTrip\SharedTrip.csproj", "{DE08FA51-ADF5-4563-B797-D6128EE4F27E}"
EndProject
Project("{9A19103F-16F7-4668-BE54-9A1E7A4F7556}") = "CarShop", "..\CarShop\CarShop\CarShop.csproj", "{43ABEDB6-496C-4679-AD18-C2A494F57ABC}"
EndProject
Global
	GlobalSection(SolutionConfigurationPlatforms) = preSolution
		Debug|Any CPU = Debug|Any CPU
		Release|Any CPU = Release|Any CPU
	EndGlobalSection
	GlobalSection(ProjectConfigurationPlatforms) = postSolution
		{6EF664E1-15BC-4E31-9B31-68C3DC139D1B}.Debug|Any CPU.ActiveCfg = Debug|Any CPU
		{6EF664E1-15BC-4E31-9B31-68C3DC139D1B}.Debug|Any CPU.Build.0 = Debug|Any CPU
		{6EF664E1-15BC-4E31-9B31-68C3DC139D1B}.Release|Any CPU.ActiveCfg = Release|Any CPU
		{6EF664E1-15BC-4E31-9B31-68C3DC139D1B}.Release|Any CPU.Build.0 = Release|Any CPU
		{A21101D2-3BD3-4B6A-A854-7D5176A43C44}.Debug|Any CPU.ActiveCfg = Debug|Any CPU
		{A21101D2-3BD3-4B6A-A854-7D5176A43C44}.Debug|Any CPU.Build.0 = Debug|Any CPU
		{A21101D2-3BD3-4B6A-A854-7D5176A43C44}.Release|Any CPU.ActiveCfg = Release|Any CPU
		{A21101D2-3BD3-4B6A-A854-7D5176A43C44}.Release|Any CPU.Build.0 = Release|Any CPU
		{618B3213-02EA-4E28-B5D1-9F7BC2EDCFDB}.Debug|Any CPU.ActiveCfg = Debug|Any CPU
		{618B3213-02EA-4E28-B5D1-9F7BC2EDCFDB}.Debug|Any CPU.Build.0 = Debug|Any CPU
		{618B3213-02EA-4E28-B5D1-9F7BC2EDCFDB}.Release|Any CPU.ActiveCfg = Release|Any CPU
		{618B3213-02EA-4E28-B5D1-9F7BC2EDCFDB}.Release|Any CPU.Build.0 = Release|Any CPU
		{1E6B2037-D414-443D-A969-1C30DFD4F0BF}.Debug|Any CPU.ActiveCfg = Debug|Any CPU
		{1E6B2037-D414-443D-A969-1C30DFD4F0BF}.Debug|Any CPU.Build.0 = Debug|Any CPU
		{1E6B2037-D414-443D-A969-1C30DFD4F0BF}.Release|Any CPU.ActiveCfg = Release|Any CPU
		{1E6B2037-D414-443D-A969-1C30DFD4F0BF}.Release|Any CPU.Build.0 = Release|Any CPU
		{61794515-B9A9-41A5-B20A-91F4E7EBF9E0}.Debug|Any CPU.ActiveCfg = Debug|Any CPU
		{61794515-B9A9-41A5-B20A-91F4E7EBF9E0}.Debug|Any CPU.Build.0 = Debug|Any CPU
		{61794515-B9A9-41A5-B20A-91F4E7EBF9E0}.Release|Any CPU.ActiveCfg = Release|Any CPU
		{61794515-B9A9-41A5-B20A-91F4E7EBF9E0}.Release|Any CPU.Build.0 = Release|Any CPU
		{CC6A864A-5A89-48A3-8FE5-51C8BFB0CAF4}.Debug|Any CPU.ActiveCfg = Debug|Any CPU
		{CC6A864A-5A89-48A3-8FE5-51C8BFB0CAF4}.Debug|Any CPU.Build.0 = Debug|Any CPU
		{CC6A864A-5A89-48A3-8FE5-51C8BFB0CAF4}.Release|Any CPU.ActiveCfg = Release|Any CPU
		{CC6A864A-5A89-48A3-8FE5-51C8BFB0CAF4}.Release|Any CPU.Build.0 = Release|Any CPU
		{C4A40D10-3FFA-45A4-B6A6-249F8F9A0F47}.Debug|Any CPU.ActiveCfg = Debug|Any CPU
		{C4A40D10-3FFA-45A4-B6A6-249F8F9A0F47}.Debug|Any CPU.Build.0 = Debug|Any CPU
		{C4A40D10-3FFA-45A4-B6A6-249F8F9A0F47}.Release|Any CPU.ActiveCfg = Release|Any CPU
		{C4A40D10-3FFA-45A4-B6A6-249F8F9A0F47}.Release|Any CPU.Build.0 = Release|Any CPU
		{17080E5E-4359-42D3-8A1F-D6399965F56D}.Debug|Any CPU.ActiveCfg = Debug|Any CPU
		{17080E5E-4359-42D3-8A1F-D6399965F56D}.Debug|Any CPU.Build.0 = Debug|Any CPU
		{17080E5E-4359-42D3-8A1F-D6399965F56D}.Release|Any CPU.ActiveCfg = Release|Any CPU
		{17080E5E-4359-42D3-8A1F-D6399965F56D}.Release|Any CPU.Build.0 = Release|Any CPU
		{9B817B8D-651F-420D-AD26-E924C6F108CD}.Debug|Any CPU.ActiveCfg = Debug|Any CPU
		{9B817B8D-651F-420D-AD26-E924C6F108CD}.Debug|Any CPU.Build.0 = Debug|Any CPU
		{9B817B8D-651F-420D-AD26-E924C6F108CD}.Release|Any CPU.ActiveCfg = Release|Any CPU
		{9B817B8D-651F-420D-AD26-E924C6F108CD}.Release|Any CPU.Build.0 = Release|Any CPU
		{DE08FA51-ADF5-4563-B797-D6128EE4F27E}.Debug|Any CPU.ActiveCfg = Debug|Any CPU
		{DE08FA51-ADF5-4563-B797-D6128EE4F27E}.Debug|Any CPU.Build.0 = Debug|Any CPU
		{DE08FA51-ADF5-4563-B797-D6128EE4F27E}.Release|Any CPU.ActiveCfg = Release|Any CPU
		{DE08FA51-ADF5-4563-B797-D6128EE4F27E}.Release|Any CPU.Build.0 = Release|Any CPU
		{43ABEDB6-496C-4679-AD18-C2A494F57ABC}.Debug|Any CPU.ActiveCfg = Debug|Any CPU
		{43ABEDB6-496C-4679-AD18-C2A494F57ABC}.Debug|Any CPU.Build.0 = Debug|Any CPU
		{43ABEDB6-496C-4679-AD18-C2A494F57ABC}.Release|Any CPU.ActiveCfg = Release|Any CPU
		{43ABEDB6-496C-4679-AD18-C2A494F57ABC}.Release|Any CPU.Build.0 = Release|Any CPU
	EndGlobalSection
	GlobalSection(SolutionProperties) = preSolution
		HideSolutionNode = FALSE
	EndGlobalSection
	GlobalSection(NestedProjects) = preSolution
		{1E6B2037-D414-443D-A969-1C30DFD4F0BF} = {D058481A-B479-499D-ADB8-9108A526A334}
		{61794515-B9A9-41A5-B20A-91F4E7EBF9E0} = {D058481A-B479-499D-ADB8-9108A526A334}
		{CC6A864A-5A89-48A3-8FE5-51C8BFB0CAF4} = {D058481A-B479-499D-ADB8-9108A526A334}
		{C4A40D10-3FFA-45A4-B6A6-249F8F9A0F47} = {D058481A-B479-499D-ADB8-9108A526A334}
		{17080E5E-4359-42D3-8A1F-D6399965F56D} = {D058481A-B479-499D-ADB8-9108A526A334}
		{9B817B8D-651F-420D-AD26-E924C6F108CD} = {D058481A-B479-499D-ADB8-9108A526A334}
		{DE08FA51-ADF5-4563-B797-D6128EE4F27E} = {D058481A-B479-499D-ADB8-9108A526A334}
		{43ABEDB6-496C-4679-AD18-C2A494F57ABC} = {D058481A-B479-499D-ADB8-9108A526A334}
	EndGlobalSection
	GlobalSection(ExtensibilityGlobals) = postSolution
		SolutionGuid = {1DE8A1FE-A195-4206-8DF0-E23F1C7707C8}
	EndGlobalSection
EndGlobal
