
Microsoft Visual Studio Solution File, Format Version 12.00
# Visual Studio Version 16
VisualStudioVersion = 16.0.31005.135
MinimumVisualStudioVersion = 10.0.40219.1
Project("{FAE04EC0-301F-11D3-BF4B-00C04F79EFBC}") = "HttpClient", "HttpClient\HttpClient.csproj", "{37E1FB00-CA84-43E3-B9F6-F6439E094084}"
EndProject
Global
	GlobalSection(SolutionConfigurationPlatforms) = preSolution
		Debug|Any CPU = Debug|Any CPU
		Release|Any CPU = Release|Any CPU
	EndGlobalSection
	GlobalSection(ProjectConfigurationPlatforms) = postSolution
		{37E1FB00-CA84-43E3-B9F6-F6439E094084}.Debug|Any CPU.ActiveCfg = Debug|Any CPU
		{37E1FB00-CA84-43E3-B9F6-F6439E094084}.Debug|Any CPU.Build.0 = Debug|Any CPU
		{37E1FB00-CA84-43E3-B9F6-F6439E094084}.Release|Any CPU.ActiveCfg = Release|Any CPU
		{37E1FB00-CA84-43E3-B9F6-F6439E094084}.Release|Any CPU.Build.0 = Release|Any CPU
	EndGlobalSection
	GlobalSection(SolutionProperties) = preSolution
		HideSolutionNode = FALSE
	EndGlobalSection
	GlobalSection(ExtensibilityGlobals) = postSolution
		SolutionGuid = {1530CECE-61F4-4D5E-A3BC-C359C4C20C11}
	EndGlobalSection
EndGlobal
